
Microsoft Visual Studio Solution File, Format Version 12.00
# Visual Studio Version 17
VisualStudioVersion = 17.10.35013.160
MinimumVisualStudioVersion = 10.0.40219.1
Project("{FAE04EC0-301F-11D3-BF4B-00C04F79EFBC}") = "DataAnnotator", "DataAnnotator\DataAnnotator.csproj", "{0AF549BA-1F7A-4A14-BA7D-FB8DA09932D5}"
EndProject
Global
	GlobalSection(SolutionConfigurationPlatforms) = preSolution
		Debug|Any CPU = Debug|Any CPU
		Release|Any CPU = Release|Any CPU
	EndGlobalSection
	GlobalSection(ProjectConfigurationPlatforms) = postSolution
		{0AF549BA-1F7A-4A14-BA7D-FB8DA09932D5}.Debug|Any CPU.ActiveCfg = Debug|Any CPU
		{0AF549BA-1F7A-4A14-BA7D-FB8DA09932D5}.Debug|Any CPU.Build.0 = Debug|Any CPU
		{0AF549BA-1F7A-4A14-BA7D-FB8DA09932D5}.Release|Any CPU.ActiveCfg = Release|Any CPU
		{0AF549BA-1F7A-4A14-BA7D-FB8DA09932D5}.Release|Any CPU.Build.0 = Release|Any CPU
	EndGlobalSection
	GlobalSection(SolutionProperties) = preSolution
		HideSolutionNode = FALSE
	EndGlobalSection
	GlobalSection(ExtensibilityGlobals) = postSolution
		SolutionGuid = {0E200065-4EA1-4174-B4D2-E29FD5676028}
	EndGlobalSection
EndGlobal
